// !$*UTF8*$!
{
	archiveVersion = 1;
	classes = {
	};
	objectVersion = 46;
	objects = {

/* Begin PBXBuildFile section */
		BF48DAE118A69EE000EAB01C /* WLMusicPlayerController.m in Sources */ = {isa = PBXBuildFile; fileRef = BF48DAE018A69EE000EAB01C /* WLMusicPlayerController.m */; };
		BF48DAE618A69F1A00EAB01C /* WLMediaItem.m in Sources */ = {isa = PBXBuildFile; fileRef = BF48DAE518A69F1A00EAB01C /* WLMediaItem.m */; };
		BF49B579189461E70034B7AC /* Foundation.framework in Frameworks */ = {isa = PBXBuildFile; fileRef = BF49B578189461E70034B7AC /* Foundation.framework */; };
		BF49B57B189461E70034B7AC /* CoreGraphics.framework in Frameworks */ = {isa = PBXBuildFile; fileRef = BF49B57A189461E70034B7AC /* CoreGraphics.framework */; };
		BF49B57D189461E70034B7AC /* UIKit.framework in Frameworks */ = {isa = PBXBuildFile; fileRef = BF49B57C189461E70034B7AC /* UIKit.framework */; };
		BF49B583189461E70034B7AC /* InfoPlist.strings in Resources */ = {isa = PBXBuildFile; fileRef = BF49B581189461E70034B7AC /* InfoPlist.strings */; };
		BF49B585189461E70034B7AC /* main.m in Sources */ = {isa = PBXBuildFile; fileRef = BF49B584189461E70034B7AC /* main.m */; };
		BF49B589189461E70034B7AC /* WLAppDelegate.m in Sources */ = {isa = PBXBuildFile; fileRef = BF49B588189461E70034B7AC /* WLAppDelegate.m */; };
		BF49B58C189461E70034B7AC /* Main.storyboard in Resources */ = {isa = PBXBuildFile; fileRef = BF49B58A189461E70034B7AC /* Main.storyboard */; };
		BF49B591189461E70034B7AC /* Images.xcassets in Resources */ = {isa = PBXBuildFile; fileRef = BF49B590189461E70034B7AC /* Images.xcassets */; };
		BF49B598189461E70034B7AC /* XCTest.framework in Frameworks */ = {isa = PBXBuildFile; fileRef = BF49B597189461E70034B7AC /* XCTest.framework */; };
		BF49B599189461E70034B7AC /* Foundation.framework in Frameworks */ = {isa = PBXBuildFile; fileRef = BF49B578189461E70034B7AC /* Foundation.framework */; };
		BF49B59A189461E70034B7AC /* UIKit.framework in Frameworks */ = {isa = PBXBuildFile; fileRef = BF49B57C189461E70034B7AC /* UIKit.framework */; };
		BF49B5A2189461E70034B7AC /* InfoPlist.strings in Resources */ = {isa = PBXBuildFile; fileRef = BF49B5A0189461E70034B7AC /* InfoPlist.strings */; };
		BF49B5A4189461E70034B7AC /* WeListenTests.m in Sources */ = {isa = PBXBuildFile; fileRef = BF49B5A3189461E70034B7AC /* WeListenTests.m */; };
		BF49B5AF189468060034B7AC /* WLSongsViewController.m in Sources */ = {isa = PBXBuildFile; fileRef = BF49B5AE189468060034B7AC /* WLSongsViewController.m */; };
		BF49B5B218946E040034B7AC /* WLSongCell.m in Sources */ = {isa = PBXBuildFile; fileRef = BF49B5B118946E040034B7AC /* WLSongCell.m */; };
		BF49B5B518946E1C0034B7AC /* WLSongViewItem.m in Sources */ = {isa = PBXBuildFile; fileRef = BF49B5B418946E1C0034B7AC /* WLSongViewItem.m */; };
		BF9FC6B1189690FF00EB9A2F /* UIViewController+NowPlayingButton.m in Sources */ = {isa = PBXBuildFile; fileRef = BF9FC6B0189690FF00EB9A2F /* UIViewController+NowPlayingButton.m */; };
		BF9FC6B41896922000EB9A2F /* WLPlaylistsViewController.m in Sources */ = {isa = PBXBuildFile; fileRef = BF9FC6B31896922000EB9A2F /* WLPlaylistsViewController.m */; };
		BF9FC6B81896933200EB9A2F /* WLPlaylistCell.m in Sources */ = {isa = PBXBuildFile; fileRef = BF9FC6B71896933200EB9A2F /* WLPlaylistCell.m */; };
		BF9FC6BB1896934600EB9A2F /* WLPlaylistViewItem.m in Sources */ = {isa = PBXBuildFile; fileRef = BF9FC6BA1896934600EB9A2F /* WLPlaylistViewItem.m */; };
		BF9FC6BE1896987700EB9A2F /* WLConstants.m in Sources */ = {isa = PBXBuildFile; fileRef = BF9FC6BD1896987700EB9A2F /* WLConstants.m */; };
		BF9FC6C118969E9A00EB9A2F /* WLPlayerAgent.m in Sources */ = {isa = PBXBuildFile; fileRef = BF9FC6C018969E9A00EB9A2F /* WLPlayerAgent.m */; };
		BF9FC6C51896A84600EB9A2F /* WLArtistsViewController.m in Sources */ = {isa = PBXBuildFile; fileRef = BF9FC6C41896A84600EB9A2F /* WLArtistsViewController.m */; };
		BF9FC6C91896A88600EB9A2F /* WLArtistCell.m in Sources */ = {isa = PBXBuildFile; fileRef = BF9FC6C81896A88600EB9A2F /* WLArtistCell.m */; };
		BF9FC6CC1896A8A600EB9A2F /* WLArtistViewItem.m in Sources */ = {isa = PBXBuildFile; fileRef = BF9FC6CB1896A8A600EB9A2F /* WLArtistViewItem.m */; };
		BFEEB0641894F62A005B559B /* WLPlayingViewController.m in Sources */ = {isa = PBXBuildFile; fileRef = BFEEB0631894F62A005B559B /* WLPlayingViewController.m */; };
		D312F5514E104E52A9F59A80 /* libPods.a in Frameworks */ = {isa = PBXBuildFile; fileRef = E58FCD8178B4478C8647819B /* libPods.a */; };
/* End PBXBuildFile section */

/* Begin PBXContainerItemProxy section */
		BF49B59B189461E70034B7AC /* PBXContainerItemProxy */ = {
			isa = PBXContainerItemProxy;
			containerPortal = BF49B56D189461E60034B7AC /* Project object */;
			proxyType = 1;
			remoteGlobalIDString = BF49B574189461E70034B7AC;
			remoteInfo = WeListen;
		};
/* End PBXContainerItemProxy section */

/* Begin PBXFileReference section */
		BF48DADF18A69EE000EAB01C /* WLMusicPlayerController.h */ = {isa = PBXFileReference; fileEncoding = 4; lastKnownFileType = sourcecode.c.h; path = WLMusicPlayerController.h; sourceTree = "<group>"; };
		BF48DAE018A69EE000EAB01C /* WLMusicPlayerController.m */ = {isa = PBXFileReference; fileEncoding = 4; lastKnownFileType = sourcecode.c.objc; path = WLMusicPlayerController.m; sourceTree = "<group>"; };
		BF48DAE418A69F1A00EAB01C /* WLMediaItem.h */ = {isa = PBXFileReference; fileEncoding = 4; lastKnownFileType = sourcecode.c.h; path = WLMediaItem.h; sourceTree = "<group>"; };
		BF48DAE518A69F1A00EAB01C /* WLMediaItem.m */ = {isa = PBXFileReference; fileEncoding = 4; lastKnownFileType = sourcecode.c.objc; path = WLMediaItem.m; sourceTree = "<group>"; };
		BF49B575189461E70034B7AC /* WeListen.app */ = {isa = PBXFileReference; explicitFileType = wrapper.application; includeInIndex = 0; path = WeListen.app; sourceTree = BUILT_PRODUCTS_DIR; };
		BF49B578189461E70034B7AC /* Foundation.framework */ = {isa = PBXFileReference; lastKnownFileType = wrapper.framework; name = Foundation.framework; path = System/Library/Frameworks/Foundation.framework; sourceTree = SDKROOT; };
		BF49B57A189461E70034B7AC /* CoreGraphics.framework */ = {isa = PBXFileReference; lastKnownFileType = wrapper.framework; name = CoreGraphics.framework; path = System/Library/Frameworks/CoreGraphics.framework; sourceTree = SDKROOT; };
		BF49B57C189461E70034B7AC /* UIKit.framework */ = {isa = PBXFileReference; lastKnownFileType = wrapper.framework; name = UIKit.framework; path = System/Library/Frameworks/UIKit.framework; sourceTree = SDKROOT; };
		BF49B580189461E70034B7AC /* WeListen-Info.plist */ = {isa = PBXFileReference; lastKnownFileType = text.plist.xml; path = "WeListen-Info.plist"; sourceTree = "<group>"; };
		BF49B582189461E70034B7AC /* en */ = {isa = PBXFileReference; lastKnownFileType = text.plist.strings; name = en; path = en.lproj/InfoPlist.strings; sourceTree = "<group>"; };
		BF49B584189461E70034B7AC /* main.m */ = {isa = PBXFileReference; lastKnownFileType = sourcecode.c.objc; path = main.m; sourceTree = "<group>"; };
		BF49B586189461E70034B7AC /* WeListen-Prefix.pch */ = {isa = PBXFileReference; lastKnownFileType = sourcecode.c.h; path = "WeListen-Prefix.pch"; sourceTree = "<group>"; };
		BF49B587189461E70034B7AC /* WLAppDelegate.h */ = {isa = PBXFileReference; lastKnownFileType = sourcecode.c.h; path = WLAppDelegate.h; sourceTree = "<group>"; };
		BF49B588189461E70034B7AC /* WLAppDelegate.m */ = {isa = PBXFileReference; lastKnownFileType = sourcecode.c.objc; path = WLAppDelegate.m; sourceTree = "<group>"; };
		BF49B58B189461E70034B7AC /* Base */ = {isa = PBXFileReference; lastKnownFileType = file.storyboard; name = Base; path = Base.lproj/Main.storyboard; sourceTree = "<group>"; };
		BF49B590189461E70034B7AC /* Images.xcassets */ = {isa = PBXFileReference; lastKnownFileType = folder.assetcatalog; path = Images.xcassets; sourceTree = "<group>"; };
		BF49B596189461E70034B7AC /* WeListenTests.xctest */ = {isa = PBXFileReference; explicitFileType = wrapper.cfbundle; includeInIndex = 0; path = WeListenTests.xctest; sourceTree = BUILT_PRODUCTS_DIR; };
		BF49B597189461E70034B7AC /* XCTest.framework */ = {isa = PBXFileReference; lastKnownFileType = wrapper.framework; name = XCTest.framework; path = Library/Frameworks/XCTest.framework; sourceTree = DEVELOPER_DIR; };
		BF49B59F189461E70034B7AC /* WeListenTests-Info.plist */ = {isa = PBXFileReference; lastKnownFileType = text.plist.xml; path = "WeListenTests-Info.plist"; sourceTree = "<group>"; };
		BF49B5A1189461E70034B7AC /* en */ = {isa = PBXFileReference; lastKnownFileType = text.plist.strings; name = en; path = en.lproj/InfoPlist.strings; sourceTree = "<group>"; };
		BF49B5A3189461E70034B7AC /* WeListenTests.m */ = {isa = PBXFileReference; lastKnownFileType = sourcecode.c.objc; path = WeListenTests.m; sourceTree = "<group>"; };
		BF49B5AD189468060034B7AC /* WLSongsViewController.h */ = {isa = PBXFileReference; fileEncoding = 4; lastKnownFileType = sourcecode.c.h; path = WLSongsViewController.h; sourceTree = "<group>"; };
		BF49B5AE189468060034B7AC /* WLSongsViewController.m */ = {isa = PBXFileReference; fileEncoding = 4; lastKnownFileType = sourcecode.c.objc; path = WLSongsViewController.m; sourceTree = "<group>"; };
		BF49B5B018946E040034B7AC /* WLSongCell.h */ = {isa = PBXFileReference; fileEncoding = 4; lastKnownFileType = sourcecode.c.h; path = WLSongCell.h; sourceTree = "<group>"; };
		BF49B5B118946E040034B7AC /* WLSongCell.m */ = {isa = PBXFileReference; fileEncoding = 4; lastKnownFileType = sourcecode.c.objc; path = WLSongCell.m; sourceTree = "<group>"; };
		BF49B5B318946E1C0034B7AC /* WLSongViewItem.h */ = {isa = PBXFileReference; fileEncoding = 4; lastKnownFileType = sourcecode.c.h; path = WLSongViewItem.h; sourceTree = "<group>"; };
		BF49B5B418946E1C0034B7AC /* WLSongViewItem.m */ = {isa = PBXFileReference; fileEncoding = 4; lastKnownFileType = sourcecode.c.objc; path = WLSongViewItem.m; sourceTree = "<group>"; };
		BF9FC6AF189690FF00EB9A2F /* UIViewController+NowPlayingButton.h */ = {isa = PBXFileReference; fileEncoding = 4; lastKnownFileType = sourcecode.c.h; path = "UIViewController+NowPlayingButton.h"; sourceTree = "<group>"; };
		BF9FC6B0189690FF00EB9A2F /* UIViewController+NowPlayingButton.m */ = {isa = PBXFileReference; fileEncoding = 4; lastKnownFileType = sourcecode.c.objc; path = "UIViewController+NowPlayingButton.m"; sourceTree = "<group>"; };
		BF9FC6B21896922000EB9A2F /* WLPlaylistsViewController.h */ = {isa = PBXFileReference; fileEncoding = 4; lastKnownFileType = sourcecode.c.h; path = WLPlaylistsViewController.h; sourceTree = "<group>"; };
		BF9FC6B31896922000EB9A2F /* WLPlaylistsViewController.m */ = {isa = PBXFileReference; fileEncoding = 4; lastKnownFileType = sourcecode.c.objc; path = WLPlaylistsViewController.m; sourceTree = "<group>"; };
		BF9FC6B61896933200EB9A2F /* WLPlaylistCell.h */ = {isa = PBXFileReference; fileEncoding = 4; lastKnownFileType = sourcecode.c.h; path = WLPlaylistCell.h; sourceTree = "<group>"; };
		BF9FC6B71896933200EB9A2F /* WLPlaylistCell.m */ = {isa = PBXFileReference; fileEncoding = 4; lastKnownFileType = sourcecode.c.objc; path = WLPlaylistCell.m; sourceTree = "<group>"; };
		BF9FC6B91896934600EB9A2F /* WLPlaylistViewItem.h */ = {isa = PBXFileReference; fileEncoding = 4; lastKnownFileType = sourcecode.c.h; path = WLPlaylistViewItem.h; sourceTree = "<group>"; };
		BF9FC6BA1896934600EB9A2F /* WLPlaylistViewItem.m */ = {isa = PBXFileReference; fileEncoding = 4; lastKnownFileType = sourcecode.c.objc; path = WLPlaylistViewItem.m; sourceTree = "<group>"; };
		BF9FC6BC1896987700EB9A2F /* WLConstants.h */ = {isa = PBXFileReference; fileEncoding = 4; lastKnownFileType = sourcecode.c.h; path = WLConstants.h; sourceTree = "<group>"; };
		BF9FC6BD1896987700EB9A2F /* WLConstants.m */ = {isa = PBXFileReference; fileEncoding = 4; lastKnownFileType = sourcecode.c.objc; path = WLConstants.m; sourceTree = "<group>"; };
		BF9FC6BF18969E9A00EB9A2F /* WLPlayerAgent.h */ = {isa = PBXFileReference; fileEncoding = 4; lastKnownFileType = sourcecode.c.h; path = WLPlayerAgent.h; sourceTree = "<group>"; };
		BF9FC6C018969E9A00EB9A2F /* WLPlayerAgent.m */ = {isa = PBXFileReference; fileEncoding = 4; lastKnownFileType = sourcecode.c.objc; path = WLPlayerAgent.m; sourceTree = "<group>"; };
		BF9FC6C31896A84600EB9A2F /* WLArtistsViewController.h */ = {isa = PBXFileReference; fileEncoding = 4; lastKnownFileType = sourcecode.c.h; path = WLArtistsViewController.h; sourceTree = "<group>"; };
		BF9FC6C41896A84600EB9A2F /* WLArtistsViewController.m */ = {isa = PBXFileReference; fileEncoding = 4; lastKnownFileType = sourcecode.c.objc; path = WLArtistsViewController.m; sourceTree = "<group>"; };
		BF9FC6C71896A88600EB9A2F /* WLArtistCell.h */ = {isa = PBXFileReference; fileEncoding = 4; lastKnownFileType = sourcecode.c.h; path = WLArtistCell.h; sourceTree = "<group>"; };
		BF9FC6C81896A88600EB9A2F /* WLArtistCell.m */ = {isa = PBXFileReference; fileEncoding = 4; lastKnownFileType = sourcecode.c.objc; path = WLArtistCell.m; sourceTree = "<group>"; };
		BF9FC6CA1896A8A600EB9A2F /* WLArtistViewItem.h */ = {isa = PBXFileReference; fileEncoding = 4; lastKnownFileType = sourcecode.c.h; path = WLArtistViewItem.h; sourceTree = "<group>"; };
		BF9FC6CB1896A8A600EB9A2F /* WLArtistViewItem.m */ = {isa = PBXFileReference; fileEncoding = 4; lastKnownFileType = sourcecode.c.objc; path = WLArtistViewItem.m; sourceTree = "<group>"; };
		BFEEB0621894F62A005B559B /* WLPlayingViewController.h */ = {isa = PBXFileReference; fileEncoding = 4; lastKnownFileType = sourcecode.c.h; path = WLPlayingViewController.h; sourceTree = "<group>"; };
		BFEEB0631894F62A005B559B /* WLPlayingViewController.m */ = {isa = PBXFileReference; fileEncoding = 4; lastKnownFileType = sourcecode.c.objc; path = WLPlayingViewController.m; sourceTree = "<group>"; };
		E4F129A5515047E591280EC8 /* Pods.xcconfig */ = {isa = PBXFileReference; includeInIndex = 1; lastKnownFileType = text.xcconfig; name = Pods.xcconfig; path = Pods/Pods.xcconfig; sourceTree = "<group>"; };
		E58FCD8178B4478C8647819B /* libPods.a */ = {isa = PBXFileReference; explicitFileType = archive.ar; includeInIndex = 0; path = libPods.a; sourceTree = BUILT_PRODUCTS_DIR; };
/* End PBXFileReference section */

/* Begin PBXFrameworksBuildPhase section */
		BF49B572189461E70034B7AC /* Frameworks */ = {
			isa = PBXFrameworksBuildPhase;
			buildActionMask = 2147483647;
			files = (
				BF49B57B189461E70034B7AC /* CoreGraphics.framework in Frameworks */,
				BF49B57D189461E70034B7AC /* UIKit.framework in Frameworks */,
				BF49B579189461E70034B7AC /* Foundation.framework in Frameworks */,
				D312F5514E104E52A9F59A80 /* libPods.a in Frameworks */,
			);
			runOnlyForDeploymentPostprocessing = 0;
		};
		BF49B593189461E70034B7AC /* Frameworks */ = {
			isa = PBXFrameworksBuildPhase;
			buildActionMask = 2147483647;
			files = (
				BF49B598189461E70034B7AC /* XCTest.framework in Frameworks */,
				BF49B59A189461E70034B7AC /* UIKit.framework in Frameworks */,
				BF49B599189461E70034B7AC /* Foundation.framework in Frameworks */,
			);
			runOnlyForDeploymentPostprocessing = 0;
		};
/* End PBXFrameworksBuildPhase section */

/* Begin PBXGroup section */
		BF48DAE218A69EE800EAB01C /* Model */ = {
			isa = PBXGroup;
			children = (
				BF48DAE318A69EF100EAB01C /* MusicPlayer */,
			);
			name = Model;
			sourceTree = "<group>";
		};
		BF48DAE318A69EF100EAB01C /* MusicPlayer */ = {
			isa = PBXGroup;
			children = (
				BF48DADF18A69EE000EAB01C /* WLMusicPlayerController.h */,
				BF48DAE018A69EE000EAB01C /* WLMusicPlayerController.m */,
				BF48DAE418A69F1A00EAB01C /* WLMediaItem.h */,
				BF48DAE518A69F1A00EAB01C /* WLMediaItem.m */,
			);
			name = MusicPlayer;
			sourceTree = "<group>";
		};
		BF49B56C189461E60034B7AC = {
			isa = PBXGroup;
			children = (
				BF49B57E189461E70034B7AC /* WeListen */,
				BF49B59D189461E70034B7AC /* WeListenTests */,
				BF49B577189461E70034B7AC /* Frameworks */,
				BF49B576189461E70034B7AC /* Products */,
				E4F129A5515047E591280EC8 /* Pods.xcconfig */,
			);
			sourceTree = "<group>";
		};
		BF49B576189461E70034B7AC /* Products */ = {
			isa = PBXGroup;
			children = (
				BF49B575189461E70034B7AC /* WeListen.app */,
				BF49B596189461E70034B7AC /* WeListenTests.xctest */,
			);
			name = Products;
			sourceTree = "<group>";
		};
		BF49B577189461E70034B7AC /* Frameworks */ = {
			isa = PBXGroup;
			children = (
				BF49B578189461E70034B7AC /* Foundation.framework */,
				BF49B57A189461E70034B7AC /* CoreGraphics.framework */,
				BF49B57C189461E70034B7AC /* UIKit.framework */,
				BF49B597189461E70034B7AC /* XCTest.framework */,
				E58FCD8178B4478C8647819B /* libPods.a */,
			);
			name = Frameworks;
			sourceTree = "<group>";
		};
		BF49B57E189461E70034B7AC /* WeListen */ = {
			isa = PBXGroup;
			children = (
				BF49B587189461E70034B7AC /* WLAppDelegate.h */,
				BF49B588189461E70034B7AC /* WLAppDelegate.m */,
				BF48DAE218A69EE800EAB01C /* Model */,
				BF9FC6C218969E9F00EB9A2F /* Utils */,
				BF9FC6AB189662C800EB9A2F /* ViewController */,
				BF49B58A189461E70034B7AC /* Main.storyboard */,
				BF49B590189461E70034B7AC /* Images.xcassets */,
				BF49B57F189461E70034B7AC /* Supporting Files */,
			);
			path = WeListen;
			sourceTree = "<group>";
		};
		BF49B57F189461E70034B7AC /* Supporting Files */ = {
			isa = PBXGroup;
			children = (
				BF49B580189461E70034B7AC /* WeListen-Info.plist */,
				BF49B581189461E70034B7AC /* InfoPlist.strings */,
				BF49B584189461E70034B7AC /* main.m */,
				BF49B586189461E70034B7AC /* WeListen-Prefix.pch */,
			);
			name = "Supporting Files";
			sourceTree = "<group>";
		};
		BF49B59D189461E70034B7AC /* WeListenTests */ = {
			isa = PBXGroup;
			children = (
				BF49B5A3189461E70034B7AC /* WeListenTests.m */,
				BF49B59E189461E70034B7AC /* Supporting Files */,
			);
			path = WeListenTests;
			sourceTree = "<group>";
		};
		BF49B59E189461E70034B7AC /* Supporting Files */ = {
			isa = PBXGroup;
			children = (
				BF49B59F189461E70034B7AC /* WeListenTests-Info.plist */,
				BF49B5A0189461E70034B7AC /* InfoPlist.strings */,
			);
			name = "Supporting Files";
			sourceTree = "<group>";
		};
		BF49B5B618946E1F0034B7AC /* Songs */ = {
			isa = PBXGroup;
			children = (
				BF49B5AD189468060034B7AC /* WLSongsViewController.h */,
				BF49B5AE189468060034B7AC /* WLSongsViewController.m */,
				BF49B5B018946E040034B7AC /* WLSongCell.h */,
				BF49B5B118946E040034B7AC /* WLSongCell.m */,
				BF49B5B318946E1C0034B7AC /* WLSongViewItem.h */,
				BF49B5B418946E1C0034B7AC /* WLSongViewItem.m */,
			);
			name = Songs;
			sourceTree = "<group>";
		};
		BF9FC6AB189662C800EB9A2F /* ViewController */ = {
			isa = PBXGroup;
			children = (
				BFEEB0651894F642005B559B /* NowPlaying */,
				BF49B5B618946E1F0034B7AC /* Songs */,
				BF9FC6B51896922300EB9A2F /* Playlists */,
				BF9FC6C61896A84C00EB9A2F /* Artists */,
			);
			name = ViewController;
			sourceTree = "<group>";
		};
		BF9FC6B51896922300EB9A2F /* Playlists */ = {
			isa = PBXGroup;
			children = (
				BF9FC6B21896922000EB9A2F /* WLPlaylistsViewController.h */,
				BF9FC6B31896922000EB9A2F /* WLPlaylistsViewController.m */,
				BF9FC6B61896933200EB9A2F /* WLPlaylistCell.h */,
				BF9FC6B71896933200EB9A2F /* WLPlaylistCell.m */,
				BF9FC6B91896934600EB9A2F /* WLPlaylistViewItem.h */,
				BF9FC6BA1896934600EB9A2F /* WLPlaylistViewItem.m */,
			);
			name = Playlists;
			sourceTree = "<group>";
		};
		BF9FC6C218969E9F00EB9A2F /* Utils */ = {
			isa = PBXGroup;
			children = (
				BF9FC6BC1896987700EB9A2F /* WLConstants.h */,
				BF9FC6BD1896987700EB9A2F /* WLConstants.m */,
				BF9FC6BF18969E9A00EB9A2F /* WLPlayerAgent.h */,
				BF9FC6C018969E9A00EB9A2F /* WLPlayerAgent.m */,
			);
			name = Utils;
			sourceTree = "<group>";
		};
		BF9FC6C61896A84C00EB9A2F /* Artists */ = {
			isa = PBXGroup;
			children = (
				BF9FC6C31896A84600EB9A2F /* WLArtistsViewController.h */,
				BF9FC6C41896A84600EB9A2F /* WLArtistsViewController.m */,
				BF9FC6C71896A88600EB9A2F /* WLArtistCell.h */,
				BF9FC6C81896A88600EB9A2F /* WLArtistCell.m */,
				BF9FC6CA1896A8A600EB9A2F /* WLArtistViewItem.h */,
				BF9FC6CB1896A8A600EB9A2F /* WLArtistViewItem.m */,
			);
			name = Artists;
			sourceTree = "<group>";
		};
		BFEEB0651894F642005B559B /* NowPlaying */ = {
			isa = PBXGroup;
			children = (
				BFEEB0621894F62A005B559B /* WLPlayingViewController.h */,
				BFEEB0631894F62A005B559B /* WLPlayingViewController.m */,
				BF9FC6AF189690FF00EB9A2F /* UIViewController+NowPlayingButton.h */,
				BF9FC6B0189690FF00EB9A2F /* UIViewController+NowPlayingButton.m */,
			);
			name = NowPlaying;
			sourceTree = "<group>";
		};
/* End PBXGroup section */

/* Begin PBXNativeTarget section */
		BF49B574189461E70034B7AC /* WeListen */ = {
			isa = PBXNativeTarget;
			buildConfigurationList = BF49B5A7189461E70034B7AC /* Build configuration list for PBXNativeTarget "WeListen" */;
			buildPhases = (
				424D816663CA4E029211C814 /* Check Pods Manifest.lock */,
				BF49B571189461E70034B7AC /* Sources */,
				BF49B572189461E70034B7AC /* Frameworks */,
				BF49B573189461E70034B7AC /* Resources */,
				90ABFE950C9D42399A6C0FFD /* Copy Pods Resources */,
			);
			buildRules = (
			);
			dependencies = (
			);
			name = WeListen;
			productName = WeListen;
			productReference = BF49B575189461E70034B7AC /* WeListen.app */;
			productType = "com.apple.product-type.application";
		};
		BF49B595189461E70034B7AC /* WeListenTests */ = {
			isa = PBXNativeTarget;
			buildConfigurationList = BF49B5AA189461E70034B7AC /* Build configuration list for PBXNativeTarget "WeListenTests" */;
			buildPhases = (
				BF49B592189461E70034B7AC /* Sources */,
				BF49B593189461E70034B7AC /* Frameworks */,
				BF49B594189461E70034B7AC /* Resources */,
			);
			buildRules = (
			);
			dependencies = (
				BF49B59C189461E70034B7AC /* PBXTargetDependency */,
			);
			name = WeListenTests;
			productName = WeListenTests;
			productReference = BF49B596189461E70034B7AC /* WeListenTests.xctest */;
			productType = "com.apple.product-type.bundle.unit-test";
		};
/* End PBXNativeTarget section */

/* Begin PBXProject section */
		BF49B56D189461E60034B7AC /* Project object */ = {
			isa = PBXProject;
			attributes = {
				CLASSPREFIX = WL;
				LastUpgradeCheck = 0500;
				ORGANIZATIONNAME = GraceLancy;
				TargetAttributes = {
					BF49B595189461E70034B7AC = {
						TestTargetID = BF49B574189461E70034B7AC;
					};
				};
			};
			buildConfigurationList = BF49B570189461E60034B7AC /* Build configuration list for PBXProject "WeListen" */;
			compatibilityVersion = "Xcode 3.2";
			developmentRegion = English;
			hasScannedForEncodings = 0;
			knownRegions = (
				en,
				Base,
			);
			mainGroup = BF49B56C189461E60034B7AC;
			productRefGroup = BF49B576189461E70034B7AC /* Products */;
			projectDirPath = "";
			projectRoot = "";
			targets = (
				BF49B574189461E70034B7AC /* WeListen */,
				BF49B595189461E70034B7AC /* WeListenTests */,
			);
		};
/* End PBXProject section */

/* Begin PBXResourcesBuildPhase section */
		BF49B573189461E70034B7AC /* Resources */ = {
			isa = PBXResourcesBuildPhase;
			buildActionMask = 2147483647;
			files = (
				BF49B591189461E70034B7AC /* Images.xcassets in Resources */,
				BF49B583189461E70034B7AC /* InfoPlist.strings in Resources */,
				BF49B58C189461E70034B7AC /* Main.storyboard in Resources */,
			);
			runOnlyForDeploymentPostprocessing = 0;
		};
		BF49B594189461E70034B7AC /* Resources */ = {
			isa = PBXResourcesBuildPhase;
			buildActionMask = 2147483647;
			files = (
				BF49B5A2189461E70034B7AC /* InfoPlist.strings in Resources */,
			);
			runOnlyForDeploymentPostprocessing = 0;
		};
/* End PBXResourcesBuildPhase section */

/* Begin PBXShellScriptBuildPhase section */
		424D816663CA4E029211C814 /* Check Pods Manifest.lock */ = {
			isa = PBXShellScriptBuildPhase;
			buildActionMask = 2147483647;
			files = (
			);
			inputPaths = (
			);
			name = "Check Pods Manifest.lock";
			outputPaths = (
			);
			runOnlyForDeploymentPostprocessing = 0;
			shellPath = /bin/sh;
			shellScript = "diff \"${PODS_ROOT}/../Podfile.lock\" \"${PODS_ROOT}/Manifest.lock\" > /dev/null\nif [[ $? != 0 ]] ; then\n    cat << EOM\nerror: The sandbox is not in sync with the Podfile.lock. Run 'pod install' or update your CocoaPods installation.\nEOM\n    exit 1\nfi\n";
			showEnvVarsInLog = 0;
		};
		90ABFE950C9D42399A6C0FFD /* Copy Pods Resources */ = {
			isa = PBXShellScriptBuildPhase;
			buildActionMask = 2147483647;
			files = (
			);
			inputPaths = (
			);
			name = "Copy Pods Resources";
			outputPaths = (
			);
			runOnlyForDeploymentPostprocessing = 0;
			shellPath = /bin/sh;
			shellScript = "\"${SRCROOT}/Pods/Pods-resources.sh\"\n";
			showEnvVarsInLog = 0;
		};
/* End PBXShellScriptBuildPhase section */

/* Begin PBXSourcesBuildPhase section */
		BF49B571189461E70034B7AC /* Sources */ = {
			isa = PBXSourcesBuildPhase;
			buildActionMask = 2147483647;
			files = (
				BF9FC6B1189690FF00EB9A2F /* UIViewController+NowPlayingButton.m in Sources */,
				BF9FC6CC1896A8A600EB9A2F /* WLArtistViewItem.m in Sources */,
				BF9FC6C51896A84600EB9A2F /* WLArtistsViewController.m in Sources */,
				BFEEB0641894F62A005B559B /* WLPlayingViewController.m in Sources */,
				BF9FC6B81896933200EB9A2F /* WLPlaylistCell.m in Sources */,
				BF48DAE618A69F1A00EAB01C /* WLMediaItem.m in Sources */,
				BF49B5B518946E1C0034B7AC /* WLSongViewItem.m in Sources */,
				BF49B5AF189468060034B7AC /* WLSongsViewController.m in Sources */,
				BF49B5B218946E040034B7AC /* WLSongCell.m in Sources */,
				BF9FC6C91896A88600EB9A2F /* WLArtistCell.m in Sources */,
				BF48DAE118A69EE000EAB01C /* WLMusicPlayerController.m in Sources */,
				BF9FC6BB1896934600EB9A2F /* WLPlaylistViewItem.m in Sources */,
				BF9FC6BE1896987700EB9A2F /* WLConstants.m in Sources */,
				BF9FC6B41896922000EB9A2F /* WLPlaylistsViewController.m in Sources */,
				BF9FC6C118969E9A00EB9A2F /* WLPlayerAgent.m in Sources */,
				BF49B589189461E70034B7AC /* WLAppDelegate.m in Sources */,
				BF49B585189461E70034B7AC /* main.m in Sources */,
			);
			runOnlyForDeploymentPostprocessing = 0;
		};
		BF49B592189461E70034B7AC /* Sources */ = {
			isa = PBXSourcesBuildPhase;
			buildActionMask = 2147483647;
			files = (
				BF49B5A4189461E70034B7AC /* WeListenTests.m in Sources */,
			);
			runOnlyForDeploymentPostprocessing = 0;
		};
/* End PBXSourcesBuildPhase section */

/* Begin PBXTargetDependency section */
		BF49B59C189461E70034B7AC /* PBXTargetDependency */ = {
			isa = PBXTargetDependency;
			target = BF49B574189461E70034B7AC /* WeListen */;
			targetProxy = BF49B59B189461E70034B7AC /* PBXContainerItemProxy */;
		};
/* End PBXTargetDependency section */

/* Begin PBXVariantGroup section */
		BF49B581189461E70034B7AC /* InfoPlist.strings */ = {
			isa = PBXVariantGroup;
			children = (
				BF49B582189461E70034B7AC /* en */,
			);
			name = InfoPlist.strings;
			sourceTree = "<group>";
		};
		BF49B58A189461E70034B7AC /* Main.storyboard */ = {
			isa = PBXVariantGroup;
			children = (
				BF49B58B189461E70034B7AC /* Base */,
			);
			name = Main.storyboard;
			sourceTree = "<group>";
		};
		BF49B5A0189461E70034B7AC /* InfoPlist.strings */ = {
			isa = PBXVariantGroup;
			children = (
				BF49B5A1189461E70034B7AC /* en */,
			);
			name = InfoPlist.strings;
			sourceTree = "<group>";
		};
/* End PBXVariantGroup section */

/* Begin XCBuildConfiguration section */
		BF49B5A5189461E70034B7AC /* Debug */ = {
			isa = XCBuildConfiguration;
			buildSettings = {
				ALWAYS_SEARCH_USER_PATHS = NO;
				ARCHS = "$(ARCHS_STANDARD_INCLUDING_64_BIT)";
				CLANG_CXX_LANGUAGE_STANDARD = "gnu++0x";
				CLANG_CXX_LIBRARY = "libc++";
				CLANG_ENABLE_MODULES = YES;
				CLANG_ENABLE_OBJC_ARC = YES;
				CLANG_WARN_BOOL_CONVERSION = YES;
				CLANG_WARN_CONSTANT_CONVERSION = YES;
				CLANG_WARN_DIRECT_OBJC_ISA_USAGE = YES_ERROR;
				CLANG_WARN_EMPTY_BODY = YES;
				CLANG_WARN_ENUM_CONVERSION = YES;
				CLANG_WARN_INT_CONVERSION = YES;
				CLANG_WARN_OBJC_ROOT_CLASS = YES_ERROR;
				CLANG_WARN__DUPLICATE_METHOD_MATCH = YES;
				"CODE_SIGN_IDENTITY[sdk=iphoneos*]" = "iPhone Developer";
				COPY_PHASE_STRIP = NO;
				GCC_C_LANGUAGE_STANDARD = gnu99;
				GCC_DYNAMIC_NO_PIC = NO;
				GCC_OPTIMIZATION_LEVEL = 0;
				GCC_PREPROCESSOR_DEFINITIONS = (
					"DEBUG=1",
					"$(inherited)",
				);
				GCC_SYMBOLS_PRIVATE_EXTERN = NO;
				GCC_WARN_64_TO_32_BIT_CONVERSION = YES;
				GCC_WARN_ABOUT_RETURN_TYPE = YES_ERROR;
				GCC_WARN_UNDECLARED_SELECTOR = YES;
				GCC_WARN_UNINITIALIZED_AUTOS = YES;
				GCC_WARN_UNUSED_FUNCTION = YES;
				GCC_WARN_UNUSED_VARIABLE = YES;
				IPHONEOS_DEPLOYMENT_TARGET = 7.0;
				ONLY_ACTIVE_ARCH = YES;
				SDKROOT = iphoneos;
			};
			name = Debug;
		};
		BF49B5A6189461E70034B7AC /* Release */ = {
			isa = XCBuildConfiguration;
			buildSettings = {
				ALWAYS_SEARCH_USER_PATHS = NO;
				ARCHS = "$(ARCHS_STANDARD_INCLUDING_64_BIT)";
				CLANG_CXX_LANGUAGE_STANDARD = "gnu++0x";
				CLANG_CXX_LIBRARY = "libc++";
				CLANG_ENABLE_MODULES = YES;
				CLANG_ENABLE_OBJC_ARC = YES;
				CLANG_WARN_BOOL_CONVERSION = YES;
				CLANG_WARN_CONSTANT_CONVERSION = YES;
				CLANG_WARN_DIRECT_OBJC_ISA_USAGE = YES_ERROR;
				CLANG_WARN_EMPTY_BODY = YES;
				CLANG_WARN_ENUM_CONVERSION = YES;
				CLANG_WARN_INT_CONVERSION = YES;
				CLANG_WARN_OBJC_ROOT_CLASS = YES_ERROR;
				CLANG_WARN__DUPLICATE_METHOD_MATCH = YES;
				"CODE_SIGN_IDENTITY[sdk=iphoneos*]" = "iPhone Developer";
				COPY_PHASE_STRIP = YES;
				ENABLE_NS_ASSERTIONS = NO;
				GCC_C_LANGUAGE_STANDARD = gnu99;
				GCC_WARN_64_TO_32_BIT_CONVERSION = YES;
				GCC_WARN_ABOUT_RETURN_TYPE = YES_ERROR;
				GCC_WARN_UNDECLARED_SELECTOR = YES;
				GCC_WARN_UNINITIALIZED_AUTOS = YES;
				GCC_WARN_UNUSED_FUNCTION = YES;
				GCC_WARN_UNUSED_VARIABLE = YES;
				IPHONEOS_DEPLOYMENT_TARGET = 7.0;
				SDKROOT = iphoneos;
				VALIDATE_PRODUCT = YES;
			};
			name = Release;
		};
		BF49B5A8189461E70034B7AC /* Debug */ = {
			isa = XCBuildConfiguration;
			baseConfigurationReference = E4F129A5515047E591280EC8 /* Pods.xcconfig */;
			buildSettings = {
				ASSETCATALOG_COMPILER_APPICON_NAME = AppIcon;
				ASSETCATALOG_COMPILER_LAUNCHIMAGE_NAME = LaunchImage;
				GCC_PRECOMPILE_PREFIX_HEADER = YES;
				GCC_PREFIX_HEADER = "WeListen/WeListen-Prefix.pch";
				INFOPLIST_FILE = "WeListen/WeListen-Info.plist";
				PRODUCT_NAME = "$(TARGET_NAME)";
				WRAPPER_EXTENSION = app;
			};
			name = Debug;
		};
		BF49B5A9189461E70034B7AC /* Release */ = {
			isa = XCBuildConfiguration;
			baseConfigurationReference = E4F129A5515047E591280EC8 /* Pods.xcconfig */;
			buildSettings = {
				ASSETCATALOG_COMPILER_APPICON_NAME = AppIcon;
				ASSETCATALOG_COMPILER_LAUNCHIMAGE_NAME = LaunchImage;
				GCC_PRECOMPILE_PREFIX_HEADER = YES;
				GCC_PREFIX_HEADER = "WeListen/WeListen-Prefix.pch";
				INFOPLIST_FILE = "WeListen/WeListen-Info.plist";
				PRODUCT_NAME = "$(TARGET_NAME)";
				WRAPPER_EXTENSION = app;
			};
			name = Release;
		};
		BF49B5AB189461E70034B7AC /* Debug */ = {
			isa = XCBuildConfiguration;
			buildSettings = {
				ARCHS = "$(ARCHS_STANDARD_INCLUDING_64_BIT)";
				BUNDLE_LOADER = "$(BUILT_PRODUCTS_DIR)/WeListen.app/WeListen";
				FRAMEWORK_SEARCH_PATHS = (
					"$(SDKROOT)/Developer/Library/Frameworks",
					"$(inherited)",
					"$(DEVELOPER_FRAMEWORKS_DIR)",
				);
				GCC_PRECOMPILE_PREFIX_HEADER = YES;
				GCC_PREFIX_HEADER = "WeListen/WeListen-Prefix.pch";
				GCC_PREPROCESSOR_DEFINITIONS = (
					"DEBUG=1",
					"$(inherited)",
				);
				INFOPLIST_FILE = "WeListenTests/WeListenTests-Info.plist";
				PRODUCT_NAME = "$(TARGET_NAME)";
				TEST_HOST = "$(BUNDLE_LOADER)";
				WRAPPER_EXTENSION = xctest;
			};
			name = Debug;
		};
		BF49B5AC189461E70034B7AC /* Release */ = {
			isa = XCBuildConfiguration;
			buildSettings = {
				ARCHS = "$(ARCHS_STANDARD_INCLUDING_64_BIT)";
				BUNDLE_LOADER = "$(BUILT_PRODUCTS_DIR)/WeListen.app/WeListen";
				FRAMEWORK_SEARCH_PATHS = (
					"$(SDKROOT)/Developer/Library/Frameworks",
					"$(inherited)",
					"$(DEVELOPER_FRAMEWORKS_DIR)",
				);
				GCC_PRECOMPILE_PREFIX_HEADER = YES;
				GCC_PREFIX_HEADER = "WeListen/WeListen-Prefix.pch";
				INFOPLIST_FILE = "WeListenTests/WeListenTests-Info.plist";
				PRODUCT_NAME = "$(TARGET_NAME)";
				TEST_HOST = "$(BUNDLE_LOADER)";
				WRAPPER_EXTENSION = xctest;
			};
			name = Release;
		};
/* End XCBuildConfiguration section */

/* Begin XCConfigurationList section */
		BF49B570189461E60034B7AC /* Build configuration list for PBXProject "WeListen" */ = {
			isa = XCConfigurationList;
			buildConfigurations = (
				BF49B5A5189461E70034B7AC /* Debug */,
				BF49B5A6189461E70034B7AC /* Release */,
			);
			defaultConfigurationIsVisible = 0;
			defaultConfigurationName = Release;
		};
		BF49B5A7189461E70034B7AC /* Build configuration list for PBXNativeTarget "WeListen" */ = {
			isa = XCConfigurationList;
			buildConfigurations = (
				BF49B5A8189461E70034B7AC /* Debug */,
				BF49B5A9189461E70034B7AC /* Release */,
			);
			defaultConfigurationIsVisible = 0;
			defaultConfigurationName = Release;
		};
		BF49B5AA189461E70034B7AC /* Build configuration list for PBXNativeTarget "WeListenTests" */ = {
			isa = XCConfigurationList;
			buildConfigurations = (
				BF49B5AB189461E70034B7AC /* Debug */,
				BF49B5AC189461E70034B7AC /* Release */,
			);
			defaultConfigurationIsVisible = 0;
			defaultConfigurationName = Release;
		};
/* End XCConfigurationList section */
	};
	rootObject = BF49B56D189461E60034B7AC /* Project object */;
}
